
Microsoft Visual Studio Solution File, Format Version 12.00
# Visual Studio 15
VisualStudioVersion = 15.0.27703.2035
MinimumVisualStudioVersion = 10.0.40219.1
Project("{FAE04EC0-301F-11D3-BF4B-00C04F79EFBC}") = "BookCollectionASPNET", "BookCollectionASPNET\BookCollectionASPNET.csproj", "{4AB1EABB-4D15-43EB-B151-D62DAB6AECC7}"
EndProject
Project("{FAE04EC0-301F-11D3-BF4B-00C04F79EFBC}") = "BookCollectionASPNET.Tests", "BookCollectionASPNET.Tests\BookCollectionASPNET.Tests.csproj", "{30871412-6336-4DAA-86F0-2C65157386F2}"
EndProject
Global
	GlobalSection(SolutionConfigurationPlatforms) = preSolution
		Debug|Any CPU = Debug|Any CPU
		Release|Any CPU = Release|Any CPU
	EndGlobalSection
	GlobalSection(ProjectConfigurationPlatforms) = postSolution
		{4AB1EABB-4D15-43EB-B151-D62DAB6AECC7}.Debug|Any CPU.ActiveCfg = Debug|Any CPU
		{4AB1EABB-4D15-43EB-B151-D62DAB6AECC7}.Debug|Any CPU.Build.0 = Debug|Any CPU
		{4AB1EABB-4D15-43EB-B151-D62DAB6AECC7}.Release|Any CPU.ActiveCfg = Release|Any CPU
		{4AB1EABB-4D15-43EB-B151-D62DAB6AECC7}.Release|Any CPU.Build.0 = Release|Any CPU
		{30871412-6336-4DAA-86F0-2C65157386F2}.Debug|Any CPU.ActiveCfg = Debug|Any CPU
		{30871412-6336-4DAA-86F0-2C65157386F2}.Debug|Any CPU.Build.0 = Debug|Any CPU
		{30871412-6336-4DAA-86F0-2C65157386F2}.Release|Any CPU.ActiveCfg = Release|Any CPU
		{30871412-6336-4DAA-86F0-2C65157386F2}.Release|Any CPU.Build.0 = Release|Any CPU
	EndGlobalSection
	GlobalSection(SolutionProperties) = preSolution
		HideSolutionNode = FALSE
	EndGlobalSection
	GlobalSection(ExtensibilityGlobals) = postSolution
		SolutionGuid = {B8791180-2E57-40E2-8B83-83872B9C0984}
	EndGlobalSection
EndGlobal
